tabs:
    fields:
        heading_type:
            label: dynamedia.posts::lang.blocks.labels.heading_type
            tab: dynamedia.posts::lang.common.tabs.main
            type: dropdown
            options:
                h2: H2
                h3: H3
                h4: H4
                h5: H5
                h6: H6
                h7: H7
        content:
            label: dynamedia.posts::lang.blocks.labels.heading_content
            tab: dynamedia.posts::lang.common.tabs.main

        in_contents:
            tab: dynamedia.posts::lang.common.tabs.settings
            type: switch
            label: dynamedia.posts::lang.blocks.labels.in_contents
            default: false

        contents_title:
            tab: dynamedia.posts::lang.common.tabs.settings
            span: left
            label: dynamedia.posts::lang.blocks.labels.contents_title

        block_id:
            tab: dynamedia.posts::lang.common.tabs.settings
            span: right
            label: dynamedia.posts::lang.blocks.labels.block_id
            preset: contents_title

        _preview:
            tab: dynamedia.posts::lang.common.tabs.preview
            type: partial
            path: $/dynamedia/posts/views/repeaterbody/preview/_heading_block_preview.htm
            dependsOn: [heading_type, content]
