tabs:
    fields:
        content:
            tab: dynamedia.posts::lang.common.tabs.main
            type: markdown
            size: giant
            mode: split
            legacyMode: true

        image:
            tab: dynamedia.posts::lang.common.tabs.image
            type: nestedform
            usePanelStyles: false
            form: $/dynamedia/posts/config/forms/image/body_section.yaml

        in_contents:
            tab: dynamedia.posts::lang.common.tabs.settings
            type: switch
            label: dynamedia.posts::lang.blocks.labels.in_contents
            default: false

        contents_title:
            tab: dynamedia.posts::lang.common.tabs.settings
            span: left
            label: dynamedia.posts::lang.blocks.labels.contents_title

        block_id:
            tab: dynamedia.posts::lang.common.tabs.settings
            span: right
            label: dynamedia.posts::lang.blocks.labels.block_id
            preset: contents_title

        _preview_refresh:
            tab: dynamedia.posts::lang.common.tabs.preview
            type: switch
            label: dynamedia.posts::lang.common.labels.refresh
            span: right
            cssClass: preview_button

        _preview:
            tab: dynamedia.posts::lang.common.tabs.preview
            type: partial
            path: $/dynamedia/posts/views/repeaterbody/preview/_markdown_block_preview.htm
            dependsOn: _preview_refresh
